
Microsoft Visual Studio Solution File, Format Version 12.00
# Visual Studio Version 17
VisualStudioVersion = 17.3.32929.385
MinimumVisualStudioVersion = 10.0.40219.1
Project("{FAE04EC0-301F-11D3-BF4B-00C04F79EFBC}") = "EnviarTextoArquivoWhatsApp", "EnviarTextoArquivoWhatsApp\EnviarTextoArquivoWhatsApp.csproj", "{0A8356D5-865F-43BD-8A14-C741EEBE01DF}"
EndProject
Global
	GlobalSection(SolutionConfigurationPlatforms) = preSolution
		Debug|Any CPU = Debug|Any CPU
		Release|Any CPU = Release|Any CPU
	EndGlobalSection
	GlobalSection(ProjectConfigurationPlatforms) = postSolution
		{0A8356D5-865F-43BD-8A14-C741EEBE01DF}.Debug|Any CPU.ActiveCfg = Debug|Any CPU
		{0A8356D5-865F-43BD-8A14-C741EEBE01DF}.Debug|Any CPU.Build.0 = Debug|Any CPU
		{0A8356D5-865F-43BD-8A14-C741EEBE01DF}.Release|Any CPU.ActiveCfg = Release|Any CPU
		{0A8356D5-865F-43BD-8A14-C741EEBE01DF}.Release|Any CPU.Build.0 = Release|Any CPU
	EndGlobalSection
	GlobalSection(SolutionProperties) = preSolution
		HideSolutionNode = FALSE
	EndGlobalSection
	GlobalSection(ExtensibilityGlobals) = postSolution
		SolutionGuid = {4F234A53-1E13-4347-A868-325A6755A00F}
	EndGlobalSection
EndGlobal
